
Microsoft Visual Studio Solution File, Format Version 12.00
# Visual Studio 15
VisualStudioVersion = 15.0.27703.2018
MinimumVisualStudioVersion = 10.0.40219.1
Project("{FAE04EC0-301F-11D3-BF4B-00C04F79EFBC}") = "RightMechanicsDLL", "RightMechanicsDLL.csproj", "{301C8C21-F1FE-4AF0-9CE7-190CA79E1390}"
EndProject
Project("{FAE04EC0-301F-11D3-BF4B-00C04F79EFBC}") = "Container", "Container\Container.csproj", "{1FB14B26-98AB-41E1-BCA1-3327581DEB28}"
EndProject
Project("{FAE04EC0-301F-11D3-BF4B-00C04F79EFBC}") = "TcpClient", "TcpClient\TcpClient.csproj", "{416DDC48-77C6-4F1D-B37D-B17ACEF89BD8}"
EndProject
Project("{FAE04EC0-301F-11D3-BF4B-00C04F79EFBC}") = "TcpServer", "TcpServer\TcpServer.csproj", "{4DC6D449-9C6B-48B1-B559-8D60D49ED8A8}"
EndProject
Global
	GlobalSection(SolutionConfigurationPlatforms) = preSolution
		Debug|Any CPU = Debug|Any CPU
		Debug|x86 = Debug|x86
		Release|Any CPU = Release|Any CPU
		Release|x86 = Release|x86
	EndGlobalSection
	GlobalSection(ProjectConfigurationPlatforms) = postSolution
		{301C8C21-F1FE-4AF0-9CE7-190CA79E1390}.Debug|Any CPU.ActiveCfg = Debug|Any CPU
		{301C8C21-F1FE-4AF0-9CE7-190CA79E1390}.Debug|Any CPU.Build.0 = Debug|Any CPU
		{301C8C21-F1FE-4AF0-9CE7-190CA79E1390}.Debug|x86.ActiveCfg = Debug|Any CPU
		{301C8C21-F1FE-4AF0-9CE7-190CA79E1390}.Debug|x86.Build.0 = Debug|Any CPU
		{301C8C21-F1FE-4AF0-9CE7-190CA79E1390}.Release|Any CPU.ActiveCfg = Release|Any CPU
		{301C8C21-F1FE-4AF0-9CE7-190CA79E1390}.Release|Any CPU.Build.0 = Release|Any CPU
		{301C8C21-F1FE-4AF0-9CE7-190CA79E1390}.Release|x86.ActiveCfg = Release|Any CPU
		{301C8C21-F1FE-4AF0-9CE7-190CA79E1390}.Release|x86.Build.0 = Release|Any CPU
		{1FB14B26-98AB-41E1-BCA1-3327581DEB28}.Debug|Any CPU.ActiveCfg = Debug|x86
		{1FB14B26-98AB-41E1-BCA1-3327581DEB28}.Debug|x86.ActiveCfg = Debug|x86
		{1FB14B26-98AB-41E1-BCA1-3327581DEB28}.Debug|x86.Build.0 = Debug|x86
		{1FB14B26-98AB-41E1-BCA1-3327581DEB28}.Release|Any CPU.ActiveCfg = Release|x86
		{1FB14B26-98AB-41E1-BCA1-3327581DEB28}.Release|x86.ActiveCfg = Release|x86
		{1FB14B26-98AB-41E1-BCA1-3327581DEB28}.Release|x86.Build.0 = Release|x86
		{416DDC48-77C6-4F1D-B37D-B17ACEF89BD8}.Debug|Any CPU.ActiveCfg = Debug|Any CPU
		{416DDC48-77C6-4F1D-B37D-B17ACEF89BD8}.Debug|Any CPU.Build.0 = Debug|Any CPU
		{416DDC48-77C6-4F1D-B37D-B17ACEF89BD8}.Debug|x86.ActiveCfg = Debug|Any CPU
		{416DDC48-77C6-4F1D-B37D-B17ACEF89BD8}.Debug|x86.Build.0 = Debug|Any CPU
		{416DDC48-77C6-4F1D-B37D-B17ACEF89BD8}.Release|Any CPU.ActiveCfg = Release|Any CPU
		{416DDC48-77C6-4F1D-B37D-B17ACEF89BD8}.Release|Any CPU.Build.0 = Release|Any CPU
		{416DDC48-77C6-4F1D-B37D-B17ACEF89BD8}.Release|x86.ActiveCfg = Release|Any CPU
		{416DDC48-77C6-4F1D-B37D-B17ACEF89BD8}.Release|x86.Build.0 = Release|Any CPU
		{4DC6D449-9C6B-48B1-B559-8D60D49ED8A8}.Debug|Any CPU.ActiveCfg = Debug|Any CPU
		{4DC6D449-9C6B-48B1-B559-8D60D49ED8A8}.Debug|Any CPU.Build.0 = Debug|Any CPU
		{4DC6D449-9C6B-48B1-B559-8D60D49ED8A8}.Debug|x86.ActiveCfg = Debug|Any CPU
		{4DC6D449-9C6B-48B1-B559-8D60D49ED8A8}.Debug|x86.Build.0 = Debug|Any CPU
		{4DC6D449-9C6B-48B1-B559-8D60D49ED8A8}.Release|Any CPU.ActiveCfg = Release|Any CPU
		{4DC6D449-9C6B-48B1-B559-8D60D49ED8A8}.Release|Any CPU.Build.0 = Release|Any CPU
		{4DC6D449-9C6B-48B1-B559-8D60D49ED8A8}.Release|x86.ActiveCfg = Release|Any CPU
		{4DC6D449-9C6B-48B1-B559-8D60D49ED8A8}.Release|x86.Build.0 = Release|Any CPU
	EndGlobalSection
	GlobalSection(SolutionProperties) = preSolution
		HideSolutionNode = FALSE
	EndGlobalSection
	GlobalSection(ExtensibilityGlobals) = postSolution
		SolutionGuid = {8B692598-926A-4E56-9092-CF17128E7F45}
	EndGlobalSection
EndGlobal
